
Microsoft Visual Studio Solution File, Format Version 12.00
# Visual Studio 15
VisualStudioVersion = 15.0.26730.10
MinimumVisualStudioVersion = 10.0.40219.1
Project("{FAE04EC0-301F-11D3-BF4B-00C04F79EFBC}") = "PAXLuckydraw", "PAXLuckydraw\PAXLuckydraw.csproj", "{D5930C61-C4CB-494E-92A5-669CD83D29D1}"
EndProject
Project("{FAE04EC0-301F-11D3-BF4B-00C04F79EFBC}") = "Registration", "Registration\Registration.csproj", "{6E2C21EE-9B01-4F20-AA0F-707AD2FA5B44}"
EndProject
Global
	GlobalSection(SolutionConfigurationPlatforms) = preSolution
		Debug|Any CPU = Debug|Any CPU
		Release|Any CPU = Release|Any CPU
	EndGlobalSection
	GlobalSection(ProjectConfigurationPlatforms) = postSolution
		{D5930C61-C4CB-494E-92A5-669CD83D29D1}.Debug|Any CPU.ActiveCfg = Debug|Any CPU
		{D5930C61-C4CB-494E-92A5-669CD83D29D1}.Debug|Any CPU.Build.0 = Debug|Any CPU
		{D5930C61-C4CB-494E-92A5-669CD83D29D1}.Release|Any CPU.ActiveCfg = Release|Any CPU
		{D5930C61-C4CB-494E-92A5-669CD83D29D1}.Release|Any CPU.Build.0 = Release|Any CPU
		{6E2C21EE-9B01-4F20-AA0F-707AD2FA5B44}.Debug|Any CPU.ActiveCfg = Debug|Any CPU
		{6E2C21EE-9B01-4F20-AA0F-707AD2FA5B44}.Debug|Any CPU.Build.0 = Debug|Any CPU
		{6E2C21EE-9B01-4F20-AA0F-707AD2FA5B44}.Release|Any CPU.ActiveCfg = Release|Any CPU
		{6E2C21EE-9B01-4F20-AA0F-707AD2FA5B44}.Release|Any CPU.Build.0 = Release|Any CPU
	EndGlobalSection
	GlobalSection(SolutionProperties) = preSolution
		HideSolutionNode = FALSE
	EndGlobalSection
	GlobalSection(ExtensibilityGlobals) = postSolution
		SolutionGuid = {4BC6F166-0297-45CF-AE26-0503F00004E7}
	EndGlobalSection
EndGlobal
